[[package]]
name = "getopts"
version = "0.2.15"
source = "registry+https://github.com/rust-lang/crates.io-index"

[[package]]
name = "matches"
version = "0.1.6"
source = "registry+https://github.com/rust-lang/crates.io-index"

[[package]]
name = "rustlet"
version = "0.1.0"
dependencies = [
 "getopts 0.2.15 (registry+https://github.com/rust-lang/crates.io-index)",
 "matches 0.1.6 (registry+https://github.com/rust-lang/crates.io-index)",
]

[metadata]
"checksum getopts 0.2.15 (registry+https://github.com/rust-lang/crates.io-index)" = "65922871abd2f101a2eb0eaebadc66668e54a87ad9c3dd82520b5f86ede5eff9"
"checksum matches 0.1.6 (registry+https://github.com/rust-lang/crates.io-index)" = "100aabe6b8ff4e4a7e32c1c13523379802df0772b82466207ac25b013f193376"
